PODS:
  - LGAlertHUD (1.1.3):
    - LGAlertHUD/AlertView (= 1.1.3)
    - LGAlertHUD/AnswerAlertView (= 1.1.3)
    - LGAlertHUD/YJSheetView (= 1.1.3)
    - Masonry
    - YJExtensions
  - LGAlertHUD/AlertView (1.1.3):
    - Masonry
    - YJExtensions
  - LGAlertHUD/AnswerAlertView (1.1.3):
    - Masonry
    - YJExtensions
  - LGAlertHUD/YJSheetView (1.1.3):
    - Masonry
    - YJExtensions
  - LGBundle/Bundle (1.0.3):
    - LGBundle/Manager
  - LGBundle/Manager (1.0.3)
  - Masonry (1.1.0)
  - MJExtension (3.2.2)
  - MJRefresh (3.4.3)
  - YJActivityIndicatorView (1.0.0)
  - YJBaseModule (1.2.9):
    - YJBaseModule/Base (= 1.2.9)
    - YJBaseModule/Manager (= 1.2.9)
    - YJBaseModule/MarqueeLabel (= 1.2.9)
    - YJBaseModule/YJBHpple (= 1.2.9)
    - YJBaseModule/YJBWebView (= 1.2.9)
  - YJBaseModule/Base (1.2.9):
    - LGAlertHUD
    - Masonry
    - MJExtension
    - MJRefresh
    - YJActivityIndicatorView
    - YJBaseModule/Manager
    - YJExtensions
  - YJBaseModule/Manager (1.2.9):
    - LGBundle/Bundle
    - YJExtensions
  - YJBaseModule/MarqueeLabel (1.2.9)
  - YJBaseModule/YJBHpple (1.2.9)
  - YJBaseModule/YJBWebView (1.2.9):
    - Masonry
    - YJBaseModule/Manager
    - YJBaseModule/MarqueeLabel
    - YJBaseModule/YJBHpple
    - YJExtensions
  - YJExtensions (1.2.8):
    - YJExtensions/Foundation (= 1.2.8)
    - YJExtensions/UIKit (= 1.2.8)
    - YJExtensions/YJEGumbo (= 1.2.8)
    - YJExtensions/YJEHpple (= 1.2.8)
  - YJExtensions/Foundation (1.2.8):
    - YJExtensions/YJEHpple
  - YJExtensions/UIKit (1.2.8):
    - YJExtensions/Foundation
  - YJExtensions/YJEGumbo (1.2.8):
    - YJExtensions/YJEGumbo/src (= 1.2.8)
  - YJExtensions/YJEGumbo/src (1.2.8)
  - YJExtensions/YJEHpple (1.2.8)

DEPENDENCIES:
  - YJBaseModule (from `../`)

SPEC REPOS:
  trunk:
    - LGAlertHUD
    - LGBundle
    - Masonry
    - MJExtension
    - MJRefresh
    - YJActivityIndicatorView
    - YJExtensions

EXTERNAL SOURCES:
  YJBaseModule:
    :path: "../"

SPEC CHECKSUMS:
  LGAlertHUD: d14fa1d2ab68418cf8f0a1fcb1a8d9eee6a4841b
  LGBundle: 14ca72907347cbeaa0cfa62f80f387d093e0d4ce
  Masonry: 678fab65091a9290e40e2832a55e7ab731aad201
  MJExtension: d9b9c74cbdeb724c1e9ecbb157b318276e62e876
  MJRefresh: 53e3e3219f204425ee6d3e62e8733d3295944cd6
  YJActivityIndicatorView: f51112fa59d69762bd6147cf0da573ff2a9a0215
  YJBaseModule: d1a40035009c6c4b797096bfa33c2f2439d1358f
  YJExtensions: f38d0c8b05ea3cd52bde07bdd35bb913065abbc8

PODFILE CHECKSUM: fbd86e2512a077e688239ad177feaef9d7bdc57f

COCOAPODS: 1.9.2
